{
  "version": 4,
  "terraform_version": "1.12.0",
  "serial": 160,
  "lineage": "03e0991a-4960-fba9-a50b-c4f765959a9a",
  "outputs": {
    "alb_dns_name": {
      "value": "flask-crud-r0984339-alb-334920747.us-east-1.elb.amazonaws.com",
      "type": "string"
    },
    "alb_http_url": {
      "value": "http://flask-crud-r0984339-alb-334920747.us-east-1.elb.amazonaws.com",
      "type": "string"
    },
    "alb_https_url": {
      "value": "HTTPS not enabled.",
      "type": "string"
    },
    "all_available_availability_zones_in_region": {
      "value": [
        "us-east-1a",
        "us-east-1b",
        "us-east-1c",
        "us-east-1d",
        "us-east-1e",
        "us-east-1f"
      ],
      "type": [
        "list",
        "string"
      ]
    },
    "cloudwatch_log_group_ecs": {
      "value": "/ecs/flask-crud-r0984339-app",
      "type": "string"
    },
    "database_master_password_secret_arn": {
      "value": "arn:aws:secretsmanager:us-east-1:125755581655:secret:flask-crud-r0984339/db-master-password-v2-BWazaS",
      "type": "string"
    },
    "database_master_username_output": {
      "value": "dbAdmin",
      "type": "string"
    },
    "database_name_output": {
      "value": "flaskCrudAppDb",
      "type": "string"
    },
    "database_url_ssm_parameter_name": {
      "value": "/flask-crud-r0984339/DATABASE_URL",
      "type": "string"
    },
    "ecr_repository_url": {
      "value": "125755581655.dkr.ecr.us-east-1.amazonaws.com/flask-crud-r0984339-app",
      "type": "string"
    },
    "ecs_cluster_name": {
      "value": "flask-crud-r0984339-ecs-cluster",
      "type": "string"
    },
    "ecs_service_name": {
      "value": "flask-crud-r0984339-ecs-service",
      "type": "string"
    },
    "flask_secret_key_arn": {
      "value": "arn:aws:secretsmanager:us-east-1:125755581655:secret:flask-crud-r0984339/flask-secret-key-v2-G8pLFY",
      "type": "string"
    },
    "rds_cluster_endpoint": {
      "value": "flask-crud-r0984339-aurora-cluster.cluster-cbbno3giddoa.us-east-1.rds.amazonaws.com",
      "type": "string"
    },
    "rds_cluster_port": {
      "value": 5432,
      "type": "number"
    },
    "rds_cluster_reader_endpoint": {
      "value": "flask-crud-r0984339-aurora-cluster.cluster-ro-cbbno3giddoa.us-east-1.rds.amazonaws.com",
      "type": "string"
    },
    "route_table_ids_map": {
      "value": {
        "private_az0": "rtb-02bd8639a5ac666be",
        "private_az1": "rtb-09c4fe8bc38086ea3",
        "public": "rtb-0e906f3b02c48d3cd"
      },
      "type": [
        "object",
        {
          "private_az0": "string",
          "private_az1": "string",
          "public": "string"
        }
      ]
    },
    "security_group_ids_map": {
      "value": {
        "alb": "sg-01f315bca122cc0ae",
        "db_aurora": "sg-05d41c8b040323c67",
        "ecs_service": "sg-042f82b5f9aa762e7"
      },
      "type": [
        "object",
        {
          "alb": "string",
          "db_aurora": "string",
          "ecs_service": "string"
        }
      ]
    },
    "selected_availability_zones": {
      "value": [
        "us-east-1a",
        "us-east-1b"
      ],
      "type": [
        "list",
        "string"
      ]
    }
  },
  "resources": [
    {
      "mode": "data",
      "type": "aws_availability_zones",
      "name": "available",
      "provider": "provider[\"registry.terraform.io/hashicorp/aws\"]",
      "instances": [
        {
          "schema_version": 0,
          "attributes": {
            "all_availability_zones": null,
            "exclude_names": null,
            "exclude_zone_ids": null,
            "filter": null,
            "group_names": [
              "us-east-1-zg-1"
            ],
            "id": "us-east-1",
            "names": [
              "us-east-1a",
              "us-east-1b",
              "us-east-1c",
              "us-east-1d",
              "us-east-1e",
              "us-east-1f"
            ],
            "state": "available",
            "timeouts": null,
            "zone_ids": [
              "use1-az2",
              "use1-az4",
              "use1-az6",
              "use1-az1",
              "use1-az3",
              "use1-az5"
            ]
          },
          "sensitive_attributes": [],
          "identity_schema_version": 0
        }
      ]
    },
    {
      "mode": "data",
      "type": "aws_caller_identity",
      "name": "current",
      "provider": "provider[\"registry.terraform.io/hashicorp/aws\"]",
      "instances": [
        {
          "schema_version": 0,
          "attributes": {
            "account_id": "125755581655",
            "arn": "arn:aws:sts::125755581655:assumed-role/voclabs/user3027174=r0984339@student.thomasmore.be",
            "id": "125755581655",
            "user_id": "AROAR2R454TLZXMCM2DXS:user3027174=r0984339@student.thomasmore.be"
          },
          "sensitive_attributes": [],
          "identity_schema_version": 0
        }
      ]
    },
    {
      "mode": "data",
      "type": "aws_iam_policy_document",
      "name": "ecs_task_execution_assume_role_policy",
      "provider": "provider[\"registry.terraform.io/hashicorp/aws\"]",
      "instances": [
        {
          "schema_version": 0,
          "attributes": {
            "id": "1077804475",
            "json": "{\n  \"Version\": \"2012-10-17\",\n  \"Statement\": [\n    {\n      \"Effect\": \"Allow\",\n      \"Action\": \"sts:AssumeRole\",\n      \"Principal\": {\n        \"Service\": \"ecs-tasks.amazonaws.com\"\n      }\n    }\n  ]\n}",
            "minified_json": "{\"Version\":\"2012-10-17\",\"Statement\":[{\"Effect\":\"Allow\",\"Action\":\"sts:AssumeRole\",\"Principal\":{\"Service\":\"ecs-tasks.amazonaws.com\"}}]}",
            "override_json": null,
            "override_policy_documents": null,
            "policy_id": null,
            "source_json": null,
            "source_policy_documents": null,
            "statement": [
              {
                "actions": [
                  "sts:AssumeRole"
                ],
                "condition": [],
                "effect": "Allow",
                "not_actions": [],
                "not_principals": [],
                "not_resources": [],
                "principals": [
                  {
                    "identifiers": [
                      "ecs-tasks.amazonaws.com"
                    ],
                    "type": "Service"
                  }
                ],
                "resources": [],
                "sid": ""
              }
            ],
            "version": "2012-10-17"
          },
          "sensitive_attributes": [],
          "identity_schema_version": 0
        }
      ]
    },
    {
      "mode": "data",
      "type": "aws_iam_policy_document",
      "name": "ecs_task_execution_permissions",
      "provider": "provider[\"registry.terraform.io/hashicorp/aws\"]",
      "instances": [
        {
          "schema_version": 0,
          "attributes": {
            "id": "2362299646",
            "json": "{\n  \"Version\": \"2012-10-17\",\n  \"Statement\": [\n    {\n      \"Effect\": \"Allow\",\n      \"Action\": [\n        \"logs:PutLogEvents\",\n        \"logs:CreateLogStream\",\n        \"ecr:GetDownloadUrlForLayer\",\n        \"ecr:GetAuthorizationToken\",\n        \"ecr:BatchGetImage\",\n        \"ecr:BatchCheckLayerAvailability\"\n      ],\n      \"Resource\": \"*\"\n    },\n    {\n      \"Effect\": \"Allow\",\n      \"Action\": \"secretsmanager:GetSecretValue\",\n      \"Resource\": \"arn:aws:secretsmanager:us-east-1:125755581655:secret:flask-crud-r0984339/flask-secret-key-v2-G8pLFY\"\n    },\n    {\n      \"Effect\": \"Allow\",\n      \"Action\": [\n        \"ssm:GetParameters\",\n        \"ssm:GetParameter\"\n      ],\n      \"Resource\": \"arn:aws:ssm:us-east-1:125755581655:parameter/flask-crud-r0984339/DATABASE_URL\"\n    }\n  ]\n}",
            "minified_json": "{\"Version\":\"2012-10-17\",\"Statement\":[{\"Effect\":\"Allow\",\"Action\":[\"logs:PutLogEvents\",\"logs:CreateLogStream\",\"ecr:GetDownloadUrlForLayer\",\"ecr:GetAuthorizationToken\",\"ecr:BatchGetImage\",\"ecr:BatchCheckLayerAvailability\"],\"Resource\":\"*\"},{\"Effect\":\"Allow\",\"Action\":\"secretsmanager:GetSecretValue\",\"Resource\":\"arn:aws:secretsmanager:us-east-1:125755581655:secret:flask-crud-r0984339/flask-secret-key-v2-G8pLFY\"},{\"Effect\":\"Allow\",\"Action\":[\"ssm:GetParameters\",\"ssm:GetParameter\"],\"Resource\":\"arn:aws:ssm:us-east-1:125755581655:parameter/flask-crud-r0984339/DATABASE_URL\"}]}",
            "override_json": null,
            "override_policy_documents": null,
            "policy_id": null,
            "source_json": null,
            "source_policy_documents": null,
            "statement": [
              {
                "actions": [
                  "ecr:BatchCheckLayerAvailability",
                  "ecr:BatchGetImage",
                  "ecr:GetAuthorizationToken",
                  "ecr:GetDownloadUrlForLayer",
                  "logs:CreateLogStream",
                  "logs:PutLogEvents"
                ],
                "condition": [],
                "effect": "Allow",
                "not_actions": [],
                "not_principals": [],
                "not_resources": [],
                "principals": [],
                "resources": [
                  "*"
                ],
                "sid": ""
              },
              {
                "actions": [
                  "secretsmanager:GetSecretValue"
                ],
                "condition": [],
                "effect": "Allow",
                "not_actions": [],
                "not_principals": [],
                "not_resources": [],
                "principals": [],
                "resources": [
                  "arn:aws:secretsmanager:us-east-1:125755581655:secret:flask-crud-r0984339/flask-secret-key-v2-G8pLFY"
                ],
                "sid": ""
              },
              {
                "actions": [
                  "ssm:GetParameter",
                  "ssm:GetParameters"
                ],
                "condition": [],
                "effect": "Allow",
                "not_actions": [],
                "not_principals": [],
                "not_resources": [],
                "principals": [],
                "resources": [
                  "arn:aws:ssm:us-east-1:125755581655:parameter/flask-crud-r0984339/DATABASE_URL"
                ],
                "sid": ""
              }
            ],
            "version": "2012-10-17"
          },
          "sensitive_attributes": [],
          "identity_schema_version": 0
        }
      ]
    },
    {
      "mode": "data",
      "type": "aws_region",
      "name": "current",
      "provider": "provider[\"registry.terraform.io/hashicorp/aws\"]",
      "instances": [
        {
          "schema_version": 0,
          "attributes": {
            "description": "US East (N. Virginia)",
            "endpoint": "ec2.us-east-1.amazonaws.com",
            "id": "us-east-1",
            "name": "us-east-1"
          },
          "sensitive_attributes": [],
          "identity_schema_version": 0
        }
      ]
    },
    {
      "mode": "managed",
      "type": "aws_cloudwatch_log_group",
      "name": "ecs_service_logs",
      "provider": "provider[\"registry.terraform.io/hashicorp/aws\"]",
      "instances": [
        {
          "schema_version": 0,
          "attributes": {
            "arn": "arn:aws:logs:us-east-1:125755581655:log-group:/ecs/flask-crud-r0984339-app",
            "id": "/ecs/flask-crud-r0984339-app",
            "kms_key_id": "",
            "log_group_class": "STANDARD",
            "name": "/ecs/flask-crud-r0984339-app",
            "name_prefix": "",
            "retention_in_days": 7,
            "skip_destroy": false,
            "tags": {
              "Terraform": "true",
              "project": "flask-crud-r0984339"
            },
            "tags_all": {
              "Terraform": "true",
              "project": "flask-crud-r0984339"
            }
          },
          "sensitive_attributes": [],
          "identity_schema_version": 0,
          "private": "bnVsbA=="
        }
      ]
    },
    {
      "mode": "managed",
      "type": "aws_db_subnet_group",
      "name": "aurora",
      "provider": "provider[\"registry.terraform.io/hashicorp/aws\"]",
      "instances": [
        {
          "schema_version": 0,
          "attributes": {
            "arn": "arn:aws:rds:us-east-1:125755581655:subgrp:flask-crud-r0984339-aurora-sng",
            "description": "Managed by Terraform",
            "id": "flask-crud-r0984339-aurora-sng",
            "name": "flask-crud-r0984339-aurora-sng",
            "name_prefix": "",
            "subnet_ids": [
              "subnet-061924af425a3e80d",
              "subnet-0f6f23f87b0abb05e"
            ],
            "supported_network_types": [
              "IPV4"
            ],
            "tags": {
              "Name": "flask-crud-r0984339-aurora-sng",
              "Terraform": "true",
              "project": "flask-crud-r0984339"
            },
            "tags_all": {
              "Name": "flask-crud-r0984339-aurora-sng",
              "Terraform": "true",
              "project": "flask-crud-r0984339"
            },
            "vpc_id": "vpc-0dd7312392382b22b"
          },
          "sensitive_attributes": [],
          "identity_schema_version": 0,
          "private": "bnVsbA==",
          "dependencies": [
            "aws_subnet.private",
            "aws_vpc.main",
            "data.aws_availability_zones.available"
          ]
        }
      ]
    },
    {
      "mode": "managed",
      "type": "aws_ecr_repository",
      "name": "app_repo",
      "provider": "provider[\"registry.terraform.io/hashicorp/aws\"]",
      "instances": [
        {
          "schema_version": 0,
          "attributes": {
            "arn": "arn:aws:ecr:us-east-1:125755581655:repository/flask-crud-r0984339-app",
            "encryption_configuration": [
              {
                "encryption_type": "AES256",
                "kms_key": ""
              }
            ],
            "force_delete": null,
            "id": "flask-crud-r0984339-app",
            "image_scanning_configuration": [
              {
                "scan_on_push": false
              }
            ],
            "image_tag_mutability": "MUTABLE",
            "name": "flask-crud-r0984339-app",
            "registry_id": "125755581655",
            "repository_url": "125755581655.dkr.ecr.us-east-1.amazonaws.com/flask-crud-r0984339-app",
            "tags": {
              "Terraform": "true",
              "project": "flask-crud-r0984339"
            },
            "tags_all": {
              "Terraform": "true",
              "project": "flask-crud-r0984339"
            },
            "timeouts": null
          },
          "sensitive_attributes": [],
          "identity_schema_version": 0,
          "private": "eyJlMmJmYjczMC1lY2FhLTExZTYtOGY4OC0zNDM2M2JjN2M0YzAiOnsiZGVsZXRlIjoxMjAwMDAwMDAwMDAwfX0="
        }
      ]
    },
    {
      "mode": "managed",
      "type": "aws_ecs_cluster",
      "name": "main",
      "provider": "provider[\"registry.terraform.io/hashicorp/aws\"]",
      "instances": [
        {
          "schema_version": 0,
          "attributes": {
            "arn": "arn:aws:ecs:us-east-1:125755581655:cluster/flask-crud-r0984339-ecs-cluster",
            "configuration": [],
            "id": "arn:aws:ecs:us-east-1:125755581655:cluster/flask-crud-r0984339-ecs-cluster",
            "name": "flask-crud-r0984339-ecs-cluster",
            "service_connect_defaults": [],
            "setting": [
              {
                "name": "containerInsights",
                "value": "disabled"
              }
            ],
            "tags": {
              "Terraform": "true",
              "project": "flask-crud-r0984339"
            },
            "tags_all": {
              "Terraform": "true",
              "project": "flask-crud-r0984339"
            }
          },
          "sensitive_attributes": [],
          "identity_schema_version": 0,
          "private": "bnVsbA=="
        }
      ]
    },
    {
      "mode": "managed",
      "type": "aws_ecs_service",
      "name": "app",
      "provider": "provider[\"registry.terraform.io/hashicorp/aws\"]",
      "instances": [
        {
          "schema_version": 1,
          "attributes": {
            "alarms": [],
            "availability_zone_rebalancing": "DISABLED",
            "capacity_provider_strategy": [],
            "cluster": "arn:aws:ecs:us-east-1:125755581655:cluster/flask-crud-r0984339-ecs-cluster",
            "deployment_circuit_breaker": [
              {
                "enable": false,
                "rollback": false
              }
            ],
            "deployment_controller": [
              {
                "type": "ECS"
              }
            ],
            "deployment_maximum_percent": 200,
            "deployment_minimum_healthy_percent": 100,
            "desired_count": 1,
            "enable_ecs_managed_tags": false,
            "enable_execute_command": false,
            "force_delete": null,
            "force_new_deployment": null,
            "health_check_grace_period_seconds": 0,
            "iam_role": "/aws-service-role/ecs.amazonaws.com/AWSServiceRoleForECS",
            "id": "arn:aws:ecs:us-east-1:125755581655:service/flask-crud-r0984339-ecs-cluster/flask-crud-r0984339-ecs-service",
            "launch_type": "FARGATE",
            "load_balancer": [
              {
                "container_name": "app",
                "container_port": 5000,
                "elb_name": "",
                "target_group_arn": "arn:aws:elasticloadbalancing:us-east-1:125755581655:targetgroup/fctg-20250518151131288400000001/b43b576ea4ebc100"
              }
            ],
            "name": "flask-crud-r0984339-ecs-service",
            "network_configuration": [
              {
                "assign_public_ip": false,
                "security_groups": [
                  "sg-042f82b5f9aa762e7"
                ],
                "subnets": [
                  "subnet-061924af425a3e80d",
                  "subnet-0f6f23f87b0abb05e"
                ]
              }
            ],
            "ordered_placement_strategy": [],
            "placement_constraints": [],
            "platform_version": "LATEST",
            "propagate_tags": "NONE",
            "scheduling_strategy": "REPLICA",
            "service_connect_configuration": [],
            "service_registries": [],
            "tags": {
              "Terraform": "true",
              "project": "flask-crud-r0984339"
            },
            "tags_all": {
              "Terraform": "true",
              "project": "flask-crud-r0984339"
            },
            "task_definition": "arn:aws:ecs:us-east-1:125755581655:task-definition/flask-crud-r0984339-task:1",
            "timeouts": null,
            "triggers": {},
            "volume_configuration": [],
            "vpc_lattice_configurations": [],
            "wait_for_steady_state": false
          },
          "sensitive_attributes": [],
          "identity_schema_version": 0,
          "private": "eyJlMmJmYjczMC1lY2FhLTExZTYtOGY4OC0zNDM2M2JjN2M0YzAiOnsiY3JlYXRlIjoxMjAwMDAwMDAwMDAwLCJkZWxldGUiOjEyMDAwMDAwMDAwMDAsInVwZGF0ZSI6MTIwMDAwMDAwMDAwMH0sInNjaGVtYV92ZXJzaW9uIjoiMSJ9",
          "dependencies": [
            "aws_cloudwatch_log_group.ecs_service_logs",
            "aws_db_subnet_group.aurora",
            "aws_ecs_cluster.main",
            "aws_ecs_task_definition.app",
            "aws_lb.app_alb",
            "aws_lb_listener.frontend_http",
            "aws_lb_target_group.app_tg",
            "aws_rds_cluster.main",
            "aws_secretsmanager_secret.flask_secret",
            "aws_security_group.alb",
            "aws_security_group.db_aurora",
            "aws_security_group.ecs_service",
            "aws_ssm_parameter.db_url_ssm",
            "aws_subnet.private",
            "aws_subnet.public",
            "aws_vpc.main",
            "data.aws_availability_zones.available",
            "random_password.db_password"
          ]
        }
      ]
    },
    {
      "mode": "managed",
      "type": "aws_ecs_task_definition",
      "name": "app",
      "provider": "provider[\"registry.terraform.io/hashicorp/aws\"]",
      "instances": [
        {
          "schema_version": 1,
          "attributes": {
            "arn": "arn:aws:ecs:us-east-1:125755581655:task-definition/flask-crud-r0984339-task:1",
            "arn_without_revision": "arn:aws:ecs:us-east-1:125755581655:task-definition/flask-crud-r0984339-task",
            "container_definitions": "[{\"environment\":[{\"name\":\"FLASK_ENV\",\"value\":\"production\"},{\"name\":\"PYTHONUNBUFFERED\",\"value\":\"1\"}],\"essential\":true,\"image\":\"125755581655.dkr.ecr.us-east-1.amazonaws.com/flask-crud-r0984339-app:latest\",\"logConfiguration\":{\"logDriver\":\"awslogs\",\"options\":{\"awslogs-group\":\"/ecs/flask-crud-r0984339-app\",\"awslogs-region\":\"us-east-1\",\"awslogs-stream-prefix\":\"ecs\"}},\"mountPoints\":[],\"name\":\"app\",\"portMappings\":[{\"containerPort\":5000,\"hostPort\":5000,\"protocol\":\"tcp\"}],\"secrets\":[{\"name\":\"DATABASE_URL\",\"valueFrom\":\"arn:aws:ssm:us-east-1:125755581655:parameter/flask-crud-r0984339/DATABASE_URL\"},{\"name\":\"SECRET_KEY\",\"valueFrom\":\"arn:aws:secretsmanager:us-east-1:125755581655:secret:flask-crud-r0984339/flask-secret-key-v2-G8pLFY\"}],\"systemControls\":[],\"volumesFrom\":[]}]",
            "cpu": "512",
            "enable_fault_injection": false,
            "ephemeral_storage": [],
            "execution_role_arn": "arn:aws:iam::125755581655:role/LabRole",
            "family": "flask-crud-r0984339-task",
            "id": "flask-crud-r0984339-task",
            "inference_accelerator": [],
            "ipc_mode": "",
            "memory": "1024",
            "network_mode": "awsvpc",
            "pid_mode": "",
            "placement_constraints": [],
            "proxy_configuration": [],
            "requires_compatibilities": [
              "FARGATE"
            ],
            "revision": 1,
            "runtime_platform": [],
            "skip_destroy": false,
            "tags": {},
            "tags_all": {},
            "task_role_arn": "",
            "track_latest": false,
            "volume": []
          },
          "sensitive_attributes": [],
          "identity_schema_version": 0,
          "private": "eyJzY2hlbWFfdmVyc2lvbiI6IjEifQ==",
          "dependencies": [
            "aws_cloudwatch_log_group.ecs_service_logs",
            "aws_db_subnet_group.aurora",
            "aws_rds_cluster.main",
            "aws_secretsmanager_secret.flask_secret",
            "aws_security_group.db_aurora",
            "aws_ssm_parameter.db_url_ssm",
            "aws_subnet.private",
            "aws_vpc.main",
            "data.aws_availability_zones.available",
            "random_password.db_password"
          ]
        }
      ]
    },
    {
      "mode": "managed",
      "type": "aws_eip",
      "name": "nat_eip",
      "provider": "provider[\"registry.terraform.io/hashicorp/aws\"]",
      "instances": [
        {
          "index_key": 0,
          "schema_version": 0,
          "attributes": {
            "address": null,
            "allocation_id": "eipalloc-098fa80cfeb5954cc",
            "arn": "arn:aws:ec2:us-east-1:125755581655:elastic-ip/eipalloc-098fa80cfeb5954cc",
            "associate_with_private_ip": null,
            "association_id": "eipassoc-0d374dce2b3551ddd",
            "carrier_ip": "",
            "customer_owned_ip": "",
            "customer_owned_ipv4_pool": "",
            "domain": "vpc",
            "id": "eipalloc-098fa80cfeb5954cc",
            "instance": "",
            "ipam_pool_id": null,
            "network_border_group": "us-east-1",
            "network_interface": "eni-08f862c91a3458523",
            "private_dns": "ip-10-0-0-131.ec2.internal",
            "private_ip": "10.0.0.131",
            "ptr_record": "",
            "public_dns": "ec2-44-205-154-63.compute-1.amazonaws.com",
            "public_ip": "44.205.154.63",
            "public_ipv4_pool": "amazon",
            "tags": {
              "Name": "flask-crud-r0984339-nat-eip-us-east-1a",
              "Terraform": "true",
              "project": "flask-crud-r0984339"
            },
            "tags_all": {
              "Name": "flask-crud-r0984339-nat-eip-us-east-1a",
              "Terraform": "true",
              "project": "flask-crud-r0984339"
            },
            "timeouts": null,
            "vpc": true
          },
          "sensitive_attributes": [],
          "identity_schema_version": 0,
          "private": "eyJlMmJmYjczMC1lY2FhLTExZTYtOGY4OC0zNDM2M2JjN2M0YzAiOnsiZGVsZXRlIjoxODAwMDAwMDAwMDAsInJlYWQiOjkwMDAwMDAwMDAwMCwidXBkYXRlIjozMDAwMDAwMDAwMDB9fQ==",
          "dependencies": [
            "aws_internet_gateway.gw",
            "aws_vpc.main",
            "data.aws_availability_zones.available"
          ]
        },
        {
          "index_key": 1,
          "schema_version": 0,
          "attributes": {
            "address": null,
            "allocation_id": "eipalloc-0de34e1df024bc5de",
            "arn": "arn:aws:ec2:us-east-1:125755581655:elastic-ip/eipalloc-0de34e1df024bc5de",
            "associate_with_private_ip": null,
            "association_id": "eipassoc-012bacd7f087d9a44",
            "carrier_ip": "",
            "customer_owned_ip": "",
            "customer_owned_ipv4_pool": "",
            "domain": "vpc",
            "id": "eipalloc-0de34e1df024bc5de",
            "instance": "",
            "ipam_pool_id": null,
            "network_border_group": "us-east-1",
            "network_interface": "eni-0a4e4d6cd5aed884d",
            "private_dns": "ip-10-0-1-71.ec2.internal",
            "private_ip": "10.0.1.71",
            "ptr_record": "",
            "public_dns": "ec2-44-213-242-207.compute-1.amazonaws.com",
            "public_ip": "44.213.242.207",
            "public_ipv4_pool": "amazon",
            "tags": {
              "Name": "flask-crud-r0984339-nat-eip-us-east-1b",
              "Terraform": "true",
              "project": "flask-crud-r0984339"
            },
            "tags_all": {
              "Name": "flask-crud-r0984339-nat-eip-us-east-1b",
              "Terraform": "true",
              "project": "flask-crud-r0984339"
            },
            "timeouts": null,
            "vpc": true
          },
          "sensitive_attributes": [],
          "identity_schema_version": 0,
          "private": "eyJlMmJmYjczMC1lY2FhLTExZTYtOGY4OC0zNDM2M2JjN2M0YzAiOnsiZGVsZXRlIjoxODAwMDAwMDAwMDAsInJlYWQiOjkwMDAwMDAwMDAwMCwidXBkYXRlIjozMDAwMDAwMDAwMDB9fQ==",
          "dependencies": [
            "aws_internet_gateway.gw",
            "aws_vpc.main",
            "data.aws_availability_zones.available"
          ]
        }
      ]
    },
    {
      "mode": "managed",
      "type": "aws_internet_gateway",
      "name": "gw",
      "provider": "provider[\"registry.terraform.io/hashicorp/aws\"]",
      "instances": [
        {
          "schema_version": 0,
          "attributes": {
            "arn": "arn:aws:ec2:us-east-1:125755581655:internet-gateway/igw-0940b5cd5700b0cae",
            "id": "igw-0940b5cd5700b0cae",
            "owner_id": "125755581655",
            "tags": {
              "Name": "flask-crud-r0984339-igw",
              "Terraform": "true",
              "project": "flask-crud-r0984339"
            },
            "tags_all": {
              "Name": "flask-crud-r0984339-igw",
              "Terraform": "true",
              "project": "flask-crud-r0984339"
            },
            "timeouts": null,
            "vpc_id": "vpc-0dd7312392382b22b"
          },
          "sensitive_attributes": [],
          "identity_schema_version": 0,
          "private": "eyJlMmJmYjczMC1lY2FhLTExZTYtOGY4OC0zNDM2M2JjN2M0YzAiOnsiY3JlYXRlIjoxMjAwMDAwMDAwMDAwLCJkZWxldGUiOjEyMDAwMDAwMDAwMDAsInVwZGF0ZSI6MTIwMDAwMDAwMDAwMH19",
          "dependencies": [
            "aws_vpc.main"
          ]
        }
      ]
    },
    {
      "mode": "managed",
      "type": "aws_lb",
      "name": "app_alb",
      "provider": "provider[\"registry.terraform.io/hashicorp/aws\"]",
      "instances": [
        {
          "schema_version": 0,
          "attributes": {
            "access_logs": [
              {
                "bucket": "",
                "enabled": false,
                "prefix": ""
              }
            ],
            "arn": "arn:aws:elasticloadbalancing:us-east-1:125755581655:loadbalancer/app/flask-crud-r0984339-alb/2284cf803c86eb13",
            "arn_suffix": "app/flask-crud-r0984339-alb/2284cf803c86eb13",
            "client_keep_alive": 3600,
            "connection_logs": [
              {
                "bucket": "",
                "enabled": false,
                "prefix": ""
              }
            ],
            "customer_owned_ipv4_pool": "",
            "desync_mitigation_mode": "defensive",
            "dns_name": "flask-crud-r0984339-alb-334920747.us-east-1.elb.amazonaws.com",
            "dns_record_client_routing_policy": null,
            "drop_invalid_header_fields": false,
            "enable_cross_zone_load_balancing": true,
            "enable_deletion_protection": false,
            "enable_http2": true,
            "enable_tls_version_and_cipher_suite_headers": false,
            "enable_waf_fail_open": false,
            "enable_xff_client_port": false,
            "enable_zonal_shift": false,
            "enforce_security_group_inbound_rules_on_private_link_traffic": "",
            "id": "arn:aws:elasticloadbalancing:us-east-1:125755581655:loadbalancer/app/flask-crud-r0984339-alb/2284cf803c86eb13",
            "idle_timeout": 60,
            "internal": false,
            "ip_address_type": "ipv4",
            "ipam_pools": [],
            "load_balancer_type": "application",
            "name": "flask-crud-r0984339-alb",
            "name_prefix": "",
            "preserve_host_header": false,
            "security_groups": [
              "sg-01f315bca122cc0ae"
            ],
            "subnet_mapping": [
              {
                "allocation_id": "",
                "ipv6_address": "",
                "outpost_id": "",
                "private_ipv4_address": "",
                "subnet_id": "subnet-01f31712742b6af14"
              },
              {
                "allocation_id": "",
                "ipv6_address": "",
                "outpost_id": "",
                "private_ipv4_address": "",
                "subnet_id": "subnet-057f4fea5d57c74e3"
              }
            ],
            "subnets": [
              "subnet-01f31712742b6af14",
              "subnet-057f4fea5d57c74e3"
            ],
            "tags": {
              "Terraform": "true",
              "project": "flask-crud-r0984339"
            },
            "tags_all": {
              "Terraform": "true",
              "project": "flask-crud-r0984339"
            },
            "timeouts": null,
            "vpc_id": "vpc-0dd7312392382b22b",
            "xff_header_processing_mode": "append",
            "zone_id": "Z35SXDOTRQ7X7K"
          },
          "sensitive_attributes": [],
          "identity_schema_version": 0,
          "private": "eyJlMmJmYjczMC1lY2FhLTExZTYtOGY4OC0zNDM2M2JjN2M0YzAiOnsiY3JlYXRlIjo2MDAwMDAwMDAwMDAsImRlbGV0ZSI6NjAwMDAwMDAwMDAwLCJ1cGRhdGUiOjYwMDAwMDAwMDAwMH19",
          "dependencies": [
            "aws_security_group.alb",
            "aws_subnet.public",
            "aws_vpc.main",
            "data.aws_availability_zones.available"
          ]
        }
      ]
    },
    {
      "mode": "managed",
      "type": "aws_lb_listener",
      "name": "frontend_http",
      "provider": "provider[\"registry.terraform.io/hashicorp/aws\"]",
      "instances": [
        {
          "schema_version": 0,
          "attributes": {
            "alpn_policy": null,
            "arn": "arn:aws:elasticloadbalancing:us-east-1:125755581655:listener/app/flask-crud-r0984339-alb/2284cf803c86eb13/3ab68ac84ba04581",
            "certificate_arn": null,
            "default_action": [
              {
                "authenticate_cognito": [],
                "authenticate_oidc": [],
                "fixed_response": [],
                "forward": [],
                "order": 1,
                "redirect": [],
                "target_group_arn": "arn:aws:elasticloadbalancing:us-east-1:125755581655:targetgroup/fctg-20250518151131288400000001/b43b576ea4ebc100",
                "type": "forward"
              }
            ],
            "id": "arn:aws:elasticloadbalancing:us-east-1:125755581655:listener/app/flask-crud-r0984339-alb/2284cf803c86eb13/3ab68ac84ba04581",
            "load_balancer_arn": "arn:aws:elasticloadbalancing:us-east-1:125755581655:loadbalancer/app/flask-crud-r0984339-alb/2284cf803c86eb13",
            "mutual_authentication": [],
            "port": 80,
            "protocol": "HTTP",
            "routing_http_request_x_amzn_mtls_clientcert_header_name": null,
            "routing_http_request_x_amzn_mtls_clientcert_issuer_header_name": null,
            "routing_http_request_x_amzn_mtls_clientcert_leaf_header_name": null,
            "routing_http_request_x_amzn_mtls_clientcert_serial_number_header_name": null,
            "routing_http_request_x_amzn_mtls_clientcert_subject_header_name": null,
            "routing_http_request_x_amzn_mtls_clientcert_validity_header_name": null,
            "routing_http_request_x_amzn_tls_cipher_suite_header_name": null,
            "routing_http_request_x_amzn_tls_version_header_name": null,
            "routing_http_response_access_control_allow_credentials_header_value": "",
            "routing_http_response_access_control_allow_headers_header_value": "",
            "routing_http_response_access_control_allow_methods_header_value": "",
            "routing_http_response_access_control_allow_origin_header_value": "",
            "routing_http_response_access_control_expose_headers_header_value": "",
            "routing_http_response_access_control_max_age_header_value": "",
            "routing_http_response_content_security_policy_header_value": "",
            "routing_http_response_server_enabled": false,
            "routing_http_response_strict_transport_security_header_value": "",
            "routing_http_response_x_content_type_options_header_value": "",
            "routing_http_response_x_frame_options_header_value": "",
            "ssl_policy": "",
            "tags": {},
            "tags_all": {},
            "tcp_idle_timeout_seconds": null,
            "timeouts": null
          },
          "sensitive_attributes": [],
          "identity_schema_version": 0,
          "private": "eyJlMmJmYjczMC1lY2FhLTExZTYtOGY4OC0zNDM2M2JjN2M0YzAiOnsiY3JlYXRlIjozMDAwMDAwMDAwMDAsInVwZGF0ZSI6MzAwMDAwMDAwMDAwfX0=",
          "dependencies": [
            "aws_lb.app_alb",
            "aws_lb_target_group.app_tg",
            "aws_security_group.alb",
            "aws_subnet.public",
            "aws_vpc.main",
            "data.aws_availability_zones.available"
          ]
        }
      ]
    },
    {
      "mode": "managed",
      "type": "aws_lb_target_group",
      "name": "app_tg",
      "provider": "provider[\"registry.terraform.io/hashicorp/aws\"]",
      "instances": [
        {
          "schema_version": 0,
          "attributes": {
            "arn": "arn:aws:elasticloadbalancing:us-east-1:125755581655:targetgroup/fctg-20250518151131288400000001/b43b576ea4ebc100",
            "arn_suffix": "targetgroup/fctg-20250518151131288400000001/b43b576ea4ebc100",
            "connection_termination": null,
            "deregistration_delay": "300",
            "health_check": [
              {
                "enabled": true,
                "healthy_threshold": 2,
                "interval": 30,
                "matcher": "200",
                "path": "/",
                "port": "traffic-port",
                "protocol": "HTTP",
                "timeout": 5,
                "unhealthy_threshold": 2
              }
            ],
            "id": "arn:aws:elasticloadbalancing:us-east-1:125755581655:targetgroup/fctg-20250518151131288400000001/b43b576ea4ebc100",
            "ip_address_type": "ipv4",
            "lambda_multi_value_headers_enabled": false,
            "load_balancer_arns": [],
            "load_balancing_algorithm_type": "round_robin",
            "load_balancing_anomaly_mitigation": "off",
            "load_balancing_cross_zone_enabled": "use_load_balancer_configuration",
            "name": "fctg-20250518151131288400000001",
            "name_prefix": "fctg-",
            "port": 5000,
            "preserve_client_ip": null,
            "protocol": "HTTP",
            "protocol_version": "HTTP1",
            "proxy_protocol_v2": false,
            "slow_start": 0,
            "stickiness": [
              {
                "cookie_duration": 86400,
                "cookie_name": "",
                "enabled": false,
                "type": "lb_cookie"
              }
            ],
            "tags": {
              "Terraform": "true",
              "project": "flask-crud-r0984339"
            },
            "tags_all": {
              "Terraform": "true",
              "project": "flask-crud-r0984339"
            },
            "target_failover": [
              {
                "on_deregistration": null,
                "on_unhealthy": null
              }
            ],
            "target_group_health": [
              {
                "dns_failover": [
                  {
                    "minimum_healthy_targets_count": "1",
                    "minimum_healthy_targets_percentage": "off"
                  }
                ],
                "unhealthy_state_routing": [
                  {
                    "minimum_healthy_targets_count": 1,
                    "minimum_healthy_targets_percentage": "off"
                  }
                ]
              }
            ],
            "target_health_state": [
              {
                "enable_unhealthy_connection_termination": null,
                "unhealthy_draining_interval": null
              }
            ],
            "target_type": "ip",
            "vpc_id": "vpc-0dd7312392382b22b"
          },
          "sensitive_attributes": [],
          "identity_schema_version": 0,
          "private": "bnVsbA==",
          "dependencies": [
            "aws_vpc.main"
          ],
          "create_before_destroy": true
        }
      ]
    },
    {
      "mode": "managed",
      "type": "aws_nat_gateway",
      "name": "nat",
      "provider": "provider[\"registry.terraform.io/hashicorp/aws\"]",
      "instances": [
        {
          "index_key": 0,
          "schema_version": 0,
          "attributes": {
            "allocation_id": "eipalloc-098fa80cfeb5954cc",
            "association_id": "eipassoc-0d374dce2b3551ddd",
            "connectivity_type": "public",
            "id": "nat-0a62895c8d1e379c6",
            "network_interface_id": "eni-08f862c91a3458523",
            "private_ip": "10.0.0.131",
            "public_ip": "44.205.154.63",
            "secondary_allocation_ids": [],
            "secondary_private_ip_address_count": 0,
            "secondary_private_ip_addresses": [],
            "subnet_id": "subnet-057f4fea5d57c74e3",
            "tags": {
              "Name": "flask-crud-r0984339-nat-gw-us-east-1a",
              "Terraform": "true",
              "project": "flask-crud-r0984339"
            },
            "tags_all": {
              "Name": "flask-crud-r0984339-nat-gw-us-east-1a",
              "Terraform": "true",
              "project": "flask-crud-r0984339"
            },
            "timeouts": null
          },
          "sensitive_attributes": [],
          "identity_schema_version": 0,
          "private": "eyJlMmJmYjczMC1lY2FhLTExZTYtOGY4OC0zNDM2M2JjN2M0YzAiOnsiY3JlYXRlIjo2MDAwMDAwMDAwMDAsImRlbGV0ZSI6MTgwMDAwMDAwMDAwMCwidXBkYXRlIjo2MDAwMDAwMDAwMDB9fQ==",
          "dependencies": [
            "aws_eip.nat_eip",
            "aws_internet_gateway.gw",
            "aws_subnet.public",
            "aws_vpc.main",
            "data.aws_availability_zones.available"
          ]
        },
        {
          "index_key": 1,
          "schema_version": 0,
          "attributes": {
            "allocation_id": "eipalloc-0de34e1df024bc5de",
            "association_id": "eipassoc-012bacd7f087d9a44",
            "connectivity_type": "public",
            "id": "nat-0545206b1f74abe6e",
            "network_interface_id": "eni-0a4e4d6cd5aed884d",
            "private_ip": "10.0.1.71",
            "public_ip": "44.213.242.207",
            "secondary_allocation_ids": [],
            "secondary_private_ip_address_count": 0,
            "secondary_private_ip_addresses": [],
            "subnet_id": "subnet-01f31712742b6af14",
            "tags": {
              "Name": "flask-crud-r0984339-nat-gw-us-east-1b",
              "Terraform": "true",
              "project": "flask-crud-r0984339"
            },
            "tags_all": {
              "Name": "flask-crud-r0984339-nat-gw-us-east-1b",
              "Terraform": "true",
              "project": "flask-crud-r0984339"
            },
            "timeouts": null
          },
          "sensitive_attributes": [],
          "identity_schema_version": 0,
          "private": "eyJlMmJmYjczMC1lY2FhLTExZTYtOGY4OC0zNDM2M2JjN2M0YzAiOnsiY3JlYXRlIjo2MDAwMDAwMDAwMDAsImRlbGV0ZSI6MTgwMDAwMDAwMDAwMCwidXBkYXRlIjo2MDAwMDAwMDAwMDB9fQ==",
          "dependencies": [
            "aws_eip.nat_eip",
            "aws_internet_gateway.gw",
            "aws_subnet.public",
            "aws_vpc.main",
            "data.aws_availability_zones.available"
          ]
        }
      ]
    },
    {
      "mode": "managed",
      "type": "aws_rds_cluster",
      "name": "main",
      "provider": "provider[\"registry.terraform.io/hashicorp/aws\"]",
      "instances": [
        {
          "schema_version": 1,
          "attributes": {
            "allocated_storage": 1,
            "allow_major_version_upgrade": null,
            "apply_immediately": null,
            "arn": "arn:aws:rds:us-east-1:125755581655:cluster:flask-crud-r0984339-aurora-cluster",
            "availability_zones": [
              "us-east-1a",
              "us-east-1b",
              "us-east-1d"
            ],
            "backtrack_window": 0,
            "backup_retention_period": 7,
            "ca_certificate_identifier": null,
            "ca_certificate_valid_till": null,
            "cluster_identifier": "flask-crud-r0984339-aurora-cluster",
            "cluster_identifier_prefix": "",
            "cluster_members": [
              "flask-crud-r0984339-aurora-instance-0"
            ],
            "cluster_resource_id": "cluster-VTNTSE2HXQ55NSNUC6NNIU2RK4",
            "cluster_scalability_type": "",
            "copy_tags_to_snapshot": false,
            "database_insights_mode": "standard",
            "database_name": "flaskCrudAppDb",
            "db_cluster_instance_class": "",
            "db_cluster_parameter_group_name": "default.aurora-postgresql17",
            "db_instance_parameter_group_name": null,
            "db_subnet_group_name": "flask-crud-r0984339-aurora-sng",
            "db_system_id": "",
            "delete_automated_backups": true,
            "deletion_protection": false,
            "domain": "",
            "domain_iam_role_name": "",
            "enable_global_write_forwarding": false,
            "enable_http_endpoint": false,
            "enable_local_write_forwarding": false,
            "enabled_cloudwatch_logs_exports": [
              "postgresql"
            ],
            "endpoint": "flask-crud-r0984339-aurora-cluster.cluster-cbbno3giddoa.us-east-1.rds.amazonaws.com",
            "engine": "aurora-postgresql",
            "engine_lifecycle_support": "open-source-rds-extended-support",
            "engine_mode": "provisioned",
            "engine_version": "17.4",
            "engine_version_actual": "17.4",
            "final_snapshot_identifier": null,
            "global_cluster_identifier": "",
            "hosted_zone_id": "Z2R2ITUGPM61AM",
            "iam_database_authentication_enabled": false,
            "iam_roles": [],
            "id": "flask-crud-r0984339-aurora-cluster",
            "iops": 0,
            "kms_key_id": "arn:aws:kms:us-east-1:125755581655:key/7aab2330-a37e-4806-9fc6-86d4da9225a2",
            "manage_master_user_password": null,
            "master_password": "huiQVxF0N11FjM_v",
            "master_password_wo": null,
            "master_password_wo_version": null,
            "master_user_secret": [],
            "master_user_secret_kms_key_id": null,
            "master_username": "dbAdmin",
            "monitoring_interval": 0,
            "monitoring_role_arn": "",
            "network_type": "IPV4",
            "performance_insights_enabled": false,
            "performance_insights_kms_key_id": "",
            "performance_insights_retention_period": 0,
            "port": 5432,
            "preferred_backup_window": "02:00-03:00",
            "preferred_maintenance_window": "mon:07:21-mon:07:51",
            "reader_endpoint": "flask-crud-r0984339-aurora-cluster.cluster-ro-cbbno3giddoa.us-east-1.rds.amazonaws.com",
            "replication_source_identifier": "",
            "restore_to_point_in_time": [],
            "s3_import": [],
            "scaling_configuration": [],
            "serverlessv2_scaling_configuration": [],
            "skip_final_snapshot": true,
            "snapshot_identifier": null,
            "source_region": null,
            "storage_encrypted": true,
            "storage_type": "",
            "tags": {
              "Name": "flask-crud-r0984339-aurora-cluster",
              "Terraform": "true",
              "Tier": "database",
              "project": "flask-crud-r0984339"
            },
            "tags_all": {
              "Name": "flask-crud-r0984339-aurora-cluster",
              "Terraform": "true",
              "Tier": "database",
              "project": "flask-crud-r0984339"
            },
            "timeouts": null,
            "vpc_security_group_ids": [
              "sg-05d41c8b040323c67"
            ]
          },
          "sensitive_attributes": [
            [
              {
                "type": "get_attr",
                "value": "master_password"
              }
            ],
            [
              {
                "type": "get_attr",
                "value": "master_password_wo"
              }
            ]
          ],
          "identity_schema_version": 0,
          "private": "eyJlMmJmYjczMC1lY2FhLTExZTYtOGY4OC0zNDM2M2JjN2M0YzAiOnsiY3JlYXRlIjo3MjAwMDAwMDAwMDAwLCJkZWxldGUiOjcyMDAwMDAwMDAwMDAsInVwZGF0ZSI6NzIwMDAwMDAwMDAwMH0sInNjaGVtYV92ZXJzaW9uIjoiMSJ9",
          "dependencies": [
            "aws_db_subnet_group.aurora",
            "aws_security_group.db_aurora",
            "aws_subnet.private",
            "aws_vpc.main",
            "data.aws_availability_zones.available",
            "random_password.db_password"
          ]
        }
      ]
    },
    {
      "mode": "managed",
      "type": "aws_rds_cluster_instance",
      "name": "main",
      "provider": "provider[\"registry.terraform.io/hashicorp/aws\"]",
      "instances": [
        {
          "index_key": 0,
          "schema_version": 0,
          "attributes": {
            "apply_immediately": null,
            "arn": "arn:aws:rds:us-east-1:125755581655:db:flask-crud-r0984339-aurora-instance-0",
            "auto_minor_version_upgrade": true,
            "availability_zone": "us-east-1b",
            "ca_cert_identifier": "rds-ca-rsa2048-g1",
            "cluster_identifier": "flask-crud-r0984339-aurora-cluster",
            "copy_tags_to_snapshot": false,
            "custom_iam_instance_profile": "",
            "db_parameter_group_name": "default.aurora-postgresql17",
            "db_subnet_group_name": "flask-crud-r0984339-aurora-sng",
            "dbi_resource_id": "db-LJGNSK6XJHEAJL7WWTXZUZEEHE",
            "endpoint": "flask-crud-r0984339-aurora-instance-0.cbbno3giddoa.us-east-1.rds.amazonaws.com",
            "engine": "aurora-postgresql",
            "engine_version": "17.4",
            "engine_version_actual": "17.4",
            "force_destroy": false,
            "id": "flask-crud-r0984339-aurora-instance-0",
            "identifier": "flask-crud-r0984339-aurora-instance-0",
            "identifier_prefix": "",
            "instance_class": "db.t3.medium",
            "kms_key_id": "arn:aws:kms:us-east-1:125755581655:key/7aab2330-a37e-4806-9fc6-86d4da9225a2",
            "monitoring_interval": 0,
            "monitoring_role_arn": "",
            "network_type": "IPV4",
            "performance_insights_enabled": false,
            "performance_insights_kms_key_id": "",
            "performance_insights_retention_period": 0,
            "port": 5432,
            "preferred_backup_window": "02:00-03:00",
            "preferred_maintenance_window": "fri:09:10-fri:09:40",
            "promotion_tier": 0,
            "publicly_accessible": false,
            "storage_encrypted": true,
            "tags": {
              "Name": "flask-crud-r0984339-aurora-instance-0",
              "Terraform": "true",
              "Tier": "database",
              "project": "flask-crud-r0984339"
            },
            "tags_all": {
              "Name": "flask-crud-r0984339-aurora-instance-0",
              "Terraform": "true",
              "Tier": "database",
              "project": "flask-crud-r0984339"
            },
            "timeouts": null,
            "writer": true
          },
          "sensitive_attributes": [],
          "identity_schema_version": 0,
          "private": "eyJlMmJmYjczMC1lY2FhLTExZTYtOGY4OC0zNDM2M2JjN2M0YzAiOnsiY3JlYXRlIjo1NDAwMDAwMDAwMDAwLCJkZWxldGUiOjU0MDAwMDAwMDAwMDAsInVwZGF0ZSI6NTQwMDAwMDAwMDAwMH19",
          "dependencies": [
            "aws_db_subnet_group.aurora",
            "aws_rds_cluster.main",
            "aws_security_group.db_aurora",
            "aws_subnet.private",
            "aws_vpc.main",
            "data.aws_availability_zones.available",
            "random_password.db_password"
          ]
        }
      ]
    },
    {
      "mode": "managed",
      "type": "aws_route_table",
      "name": "private",
      "provider": "provider[\"registry.terraform.io/hashicorp/aws\"]",
      "instances": [
        {
          "index_key": 0,
          "schema_version": 0,
          "attributes": {
            "arn": "arn:aws:ec2:us-east-1:125755581655:route-table/rtb-02bd8639a5ac666be",
            "id": "rtb-02bd8639a5ac666be",
            "owner_id": "125755581655",
            "propagating_vgws": [],
            "route": [
              {
                "carrier_gateway_id": "",
                "cidr_block": "0.0.0.0/0",
                "core_network_arn": "",
                "destination_prefix_list_id": "",
                "egress_only_gateway_id": "",
                "gateway_id": "",
                "ipv6_cidr_block": "",
                "local_gateway_id": "",
                "nat_gateway_id": "nat-0a62895c8d1e379c6",
                "network_interface_id": "",
                "transit_gateway_id": "",
                "vpc_endpoint_id": "",
                "vpc_peering_connection_id": ""
              }
            ],
            "tags": {
              "Name": "flask-crud-r0984339-private-rt-us-east-1a",
              "Terraform": "true",
              "project": "flask-crud-r0984339"
            },
            "tags_all": {
              "Name": "flask-crud-r0984339-private-rt-us-east-1a",
              "Terraform": "true",
              "project": "flask-crud-r0984339"
            },
            "timeouts": null,
            "vpc_id": "vpc-0dd7312392382b22b"
          },
          "sensitive_attributes": [],
          "identity_schema_version": 0,
          "private": "eyJlMmJmYjczMC1lY2FhLTExZTYtOGY4OC0zNDM2M2JjN2M0YzAiOnsiY3JlYXRlIjozMDAwMDAwMDAwMDAsImRlbGV0ZSI6MzAwMDAwMDAwMDAwLCJ1cGRhdGUiOjEyMDAwMDAwMDAwMH19",
          "dependencies": [
            "aws_eip.nat_eip",
            "aws_internet_gateway.gw",
            "aws_nat_gateway.nat",
            "aws_subnet.public",
            "aws_vpc.main",
            "data.aws_availability_zones.available"
          ]
        },
        {
          "index_key": 1,
          "schema_version": 0,
          "attributes": {
            "arn": "arn:aws:ec2:us-east-1:125755581655:route-table/rtb-09c4fe8bc38086ea3",
            "id": "rtb-09c4fe8bc38086ea3",
            "owner_id": "125755581655",
            "propagating_vgws": [],
            "route": [
              {
                "carrier_gateway_id": "",
                "cidr_block": "0.0.0.0/0",
                "core_network_arn": "",
                "destination_prefix_list_id": "",
                "egress_only_gateway_id": "",
                "gateway_id": "",
                "ipv6_cidr_block": "",
                "local_gateway_id": "",
                "nat_gateway_id": "nat-0545206b1f74abe6e",
                "network_interface_id": "",
                "transit_gateway_id": "",
                "vpc_endpoint_id": "",
                "vpc_peering_connection_id": ""
              }
            ],
            "tags": {
              "Name": "flask-crud-r0984339-private-rt-us-east-1b",
              "Terraform": "true",
              "project": "flask-crud-r0984339"
            },
            "tags_all": {
              "Name": "flask-crud-r0984339-private-rt-us-east-1b",
              "Terraform": "true",
              "project": "flask-crud-r0984339"
            },
            "timeouts": null,
            "vpc_id": "vpc-0dd7312392382b22b"
          },
          "sensitive_attributes": [],
          "identity_schema_version": 0,
          "private": "eyJlMmJmYjczMC1lY2FhLTExZTYtOGY4OC0zNDM2M2JjN2M0YzAiOnsiY3JlYXRlIjozMDAwMDAwMDAwMDAsImRlbGV0ZSI6MzAwMDAwMDAwMDAwLCJ1cGRhdGUiOjEyMDAwMDAwMDAwMH19",
          "dependencies": [
            "aws_eip.nat_eip",
            "aws_internet_gateway.gw",
            "aws_nat_gateway.nat",
            "aws_subnet.public",
            "aws_vpc.main",
            "data.aws_availability_zones.available"
          ]
        }
      ]
    },
    {
      "mode": "managed",
      "type": "aws_route_table",
      "name": "public",
      "provider": "provider[\"registry.terraform.io/hashicorp/aws\"]",
      "instances": [
        {
          "schema_version": 0,
          "attributes": {
            "arn": "arn:aws:ec2:us-east-1:125755581655:route-table/rtb-0e906f3b02c48d3cd",
            "id": "rtb-0e906f3b02c48d3cd",
            "owner_id": "125755581655",
            "propagating_vgws": [],
            "route": [
              {
                "carrier_gateway_id": "",
                "cidr_block": "0.0.0.0/0",
                "core_network_arn": "",
                "destination_prefix_list_id": "",
                "egress_only_gateway_id": "",
                "gateway_id": "igw-0940b5cd5700b0cae",
                "ipv6_cidr_block": "",
                "local_gateway_id": "",
                "nat_gateway_id": "",
                "network_interface_id": "",
                "transit_gateway_id": "",
                "vpc_endpoint_id": "",
                "vpc_peering_connection_id": ""
              }
            ],
            "tags": {
              "Name": "flask-crud-r0984339-public-rt",
              "Terraform": "true",
              "project": "flask-crud-r0984339"
            },
            "tags_all": {
              "Name": "flask-crud-r0984339-public-rt",
              "Terraform": "true",
              "project": "flask-crud-r0984339"
            },
            "timeouts": null,
            "vpc_id": "vpc-0dd7312392382b22b"
          },
          "sensitive_attributes": [],
          "identity_schema_version": 0,
          "private": "eyJlMmJmYjczMC1lY2FhLTExZTYtOGY4OC0zNDM2M2JjN2M0YzAiOnsiY3JlYXRlIjozMDAwMDAwMDAwMDAsImRlbGV0ZSI6MzAwMDAwMDAwMDAwLCJ1cGRhdGUiOjEyMDAwMDAwMDAwMH19",
          "dependencies": [
            "aws_internet_gateway.gw",
            "aws_vpc.main"
          ]
        }
      ]
    },
    {
      "mode": "managed",
      "type": "aws_route_table_association",
      "name": "private",
      "provider": "provider[\"registry.terraform.io/hashicorp/aws\"]",
      "instances": [
        {
          "index_key": 0,
          "schema_version": 0,
          "attributes": {
            "gateway_id": "",
            "id": "rtbassoc-07053b007c329cbc4",
            "route_table_id": "rtb-02bd8639a5ac666be",
            "subnet_id": "subnet-061924af425a3e80d",
            "timeouts": null
          },
          "sensitive_attributes": [],
          "identity_schema_version": 0,
          "private": "eyJlMmJmYjczMC1lY2FhLTExZTYtOGY4OC0zNDM2M2JjN2M0YzAiOnsiY3JlYXRlIjozMDAwMDAwMDAwMDAsImRlbGV0ZSI6MzAwMDAwMDAwMDAwLCJ1cGRhdGUiOjEyMDAwMDAwMDAwMH19",
          "dependencies": [
            "aws_eip.nat_eip",
            "aws_internet_gateway.gw",
            "aws_nat_gateway.nat",
            "aws_route_table.private",
            "aws_subnet.private",
            "aws_subnet.public",
            "aws_vpc.main",
            "data.aws_availability_zones.available"
          ]
        },
        {
          "index_key": 1,
          "schema_version": 0,
          "attributes": {
            "gateway_id": "",
            "id": "rtbassoc-066baf707fb0e3193",
            "route_table_id": "rtb-09c4fe8bc38086ea3",
            "subnet_id": "subnet-0f6f23f87b0abb05e",
            "timeouts": null
          },
          "sensitive_attributes": [],
          "identity_schema_version": 0,
          "private": "eyJlMmJmYjczMC1lY2FhLTExZTYtOGY4OC0zNDM2M2JjN2M0YzAiOnsiY3JlYXRlIjozMDAwMDAwMDAwMDAsImRlbGV0ZSI6MzAwMDAwMDAwMDAwLCJ1cGRhdGUiOjEyMDAwMDAwMDAwMH19",
          "dependencies": [
            "aws_eip.nat_eip",
            "aws_internet_gateway.gw",
            "aws_nat_gateway.nat",
            "aws_route_table.private",
            "aws_subnet.private",
            "aws_subnet.public",
            "aws_vpc.main",
            "data.aws_availability_zones.available"
          ]
        }
      ]
    },
    {
      "mode": "managed",
      "type": "aws_route_table_association",
      "name": "public",
      "provider": "provider[\"registry.terraform.io/hashicorp/aws\"]",
      "instances": [
        {
          "index_key": 0,
          "schema_version": 0,
          "attributes": {
            "gateway_id": "",
            "id": "rtbassoc-0e3bb71c9ea14a4f4",
            "route_table_id": "rtb-0e906f3b02c48d3cd",
            "subnet_id": "subnet-057f4fea5d57c74e3",
            "timeouts": null
          },
          "sensitive_attributes": [],
          "identity_schema_version": 0,
          "private": "eyJlMmJmYjczMC1lY2FhLTExZTYtOGY4OC0zNDM2M2JjN2M0YzAiOnsiY3JlYXRlIjozMDAwMDAwMDAwMDAsImRlbGV0ZSI6MzAwMDAwMDAwMDAwLCJ1cGRhdGUiOjEyMDAwMDAwMDAwMH19",
          "dependencies": [
            "aws_internet_gateway.gw",
            "aws_route_table.public",
            "aws_subnet.public",
            "aws_vpc.main",
            "data.aws_availability_zones.available"
          ]
        },
        {
          "index_key": 1,
          "schema_version": 0,
          "attributes": {
            "gateway_id": "",
            "id": "rtbassoc-0b54cab27a0d4cd90",
            "route_table_id": "rtb-0e906f3b02c48d3cd",
            "subnet_id": "subnet-01f31712742b6af14",
            "timeouts": null
          },
          "sensitive_attributes": [],
          "identity_schema_version": 0,
          "private": "eyJlMmJmYjczMC1lY2FhLTExZTYtOGY4OC0zNDM2M2JjN2M0YzAiOnsiY3JlYXRlIjozMDAwMDAwMDAwMDAsImRlbGV0ZSI6MzAwMDAwMDAwMDAwLCJ1cGRhdGUiOjEyMDAwMDAwMDAwMH19",
          "dependencies": [
            "aws_internet_gateway.gw",
            "aws_route_table.public",
            "aws_subnet.public",
            "aws_vpc.main",
            "data.aws_availability_zones.available"
          ]
        }
      ]
    },
    {
      "mode": "managed",
      "type": "aws_secretsmanager_secret",
      "name": "db_master_password",
      "provider": "provider[\"registry.terraform.io/hashicorp/aws\"]",
      "instances": [
        {
          "schema_version": 0,
          "attributes": {
            "arn": "arn:aws:secretsmanager:us-east-1:125755581655:secret:flask-crud-r0984339/db-master-password-v2-BWazaS",
            "description": "",
            "force_overwrite_replica_secret": false,
            "id": "arn:aws:secretsmanager:us-east-1:125755581655:secret:flask-crud-r0984339/db-master-password-v2-BWazaS",
            "kms_key_id": "",
            "name": "flask-crud-r0984339/db-master-password-v2",
            "name_prefix": "",
            "policy": "",
            "recovery_window_in_days": 30,
            "replica": [],
            "tags": {
              "Terraform": "true",
              "project": "flask-crud-r0984339"
            },
            "tags_all": {
              "Terraform": "true",
              "project": "flask-crud-r0984339"
            }
          },
          "sensitive_attributes": [],
          "identity_schema_version": 0,
          "private": "bnVsbA=="
        }
      ]
    },
    {
      "mode": "managed",
      "type": "aws_secretsmanager_secret",
      "name": "flask_secret",
      "provider": "provider[\"registry.terraform.io/hashicorp/aws\"]",
      "instances": [
        {
          "schema_version": 0,
          "attributes": {
            "arn": "arn:aws:secretsmanager:us-east-1:125755581655:secret:flask-crud-r0984339/flask-secret-key-v2-G8pLFY",
            "description": "",
            "force_overwrite_replica_secret": false,
            "id": "arn:aws:secretsmanager:us-east-1:125755581655:secret:flask-crud-r0984339/flask-secret-key-v2-G8pLFY",
            "kms_key_id": "",
            "name": "flask-crud-r0984339/flask-secret-key-v2",
            "name_prefix": "",
            "policy": "",
            "recovery_window_in_days": 30,
            "replica": [],
            "tags": {
              "Terraform": "true",
              "project": "flask-crud-r0984339"
            },
            "tags_all": {
              "Terraform": "true",
              "project": "flask-crud-r0984339"
            }
          },
          "sensitive_attributes": [],
          "identity_schema_version": 0,
          "private": "bnVsbA=="
        }
      ]
    },
    {
      "mode": "managed",
      "type": "aws_secretsmanager_secret_version",
      "name": "db_master_password",
      "provider": "provider[\"registry.terraform.io/hashicorp/aws\"]",
      "instances": [
        {
          "schema_version": 0,
          "attributes": {
            "arn": "arn:aws:secretsmanager:us-east-1:125755581655:secret:flask-crud-r0984339/db-master-password-v2-BWazaS",
            "has_secret_string_wo": null,
            "id": "arn:aws:secretsmanager:us-east-1:125755581655:secret:flask-crud-r0984339/db-master-password-v2-BWazaS|terraform-20250518150608290200000004",
            "secret_binary": "",
            "secret_id": "arn:aws:secretsmanager:us-east-1:125755581655:secret:flask-crud-r0984339/db-master-password-v2-BWazaS",
            "secret_string": "huiQVxF0N11FjM_v",
            "secret_string_wo": null,
            "secret_string_wo_version": null,
            "version_id": "terraform-20250518150608290200000004",
            "version_stages": [
              "AWSCURRENT"
            ]
          },
          "sensitive_attributes": [
            [
              {
                "type": "get_attr",
                "value": "secret_binary"
              }
            ],
            [
              {
                "type": "get_attr",
                "value": "secret_string"
              }
            ],
            [
              {
                "type": "get_attr",
                "value": "secret_string_wo"
              }
            ]
          ],
          "identity_schema_version": 0,
          "private": "bnVsbA==",
          "dependencies": [
            "aws_secretsmanager_secret.db_master_password",
            "random_password.db_password"
          ]
        }
      ]
    },
    {
      "mode": "managed",
      "type": "aws_secretsmanager_secret_version",
      "name": "flask_secret",
      "provider": "provider[\"registry.terraform.io/hashicorp/aws\"]",
      "instances": [
        {
          "schema_version": 0,
          "attributes": {
            "arn": "arn:aws:secretsmanager:us-east-1:125755581655:secret:flask-crud-r0984339/flask-secret-key-v2-G8pLFY",
            "has_secret_string_wo": null,
            "id": "arn:aws:secretsmanager:us-east-1:125755581655:secret:flask-crud-r0984339/flask-secret-key-v2-G8pLFY|terraform-20250518150608289200000003",
            "secret_binary": "",
            "secret_id": "arn:aws:secretsmanager:us-east-1:125755581655:secret:flask-crud-r0984339/flask-secret-key-v2-G8pLFY",
            "secret_string": "jlQsnXLGfkawogvD7xlXVt9ujhbrCvpg",
            "secret_string_wo": null,
            "secret_string_wo_version": null,
            "version_id": "terraform-20250518150608289200000003",
            "version_stages": [
              "AWSCURRENT"
            ]
          },
          "sensitive_attributes": [
            [
              {
                "type": "get_attr",
                "value": "secret_binary"
              }
            ],
            [
              {
                "type": "get_attr",
                "value": "secret_string"
              }
            ],
            [
              {
                "type": "get_attr",
                "value": "secret_string_wo"
              }
            ]
          ],
          "identity_schema_version": 0,
          "private": "bnVsbA==",
          "dependencies": [
            "aws_secretsmanager_secret.flask_secret",
            "random_password.flask_secret_key_gen"
          ]
        }
      ]
    },
    {
      "mode": "managed",
      "type": "aws_security_group",
      "name": "alb",
      "provider": "provider[\"registry.terraform.io/hashicorp/aws\"]",
      "instances": [
        {
          "schema_version": 1,
          "attributes": {
            "arn": "arn:aws:ec2:us-east-1:125755581655:security-group/sg-01f315bca122cc0ae",
            "description": "Allow HTTP/S traffic from internet to ALB",
            "egress": [],
            "id": "sg-01f315bca122cc0ae",
            "ingress": [
              {
                "cidr_blocks": [
                  "0.0.0.0/0"
                ],
                "description": "HTTP from anywhere",
                "from_port": 80,
                "ipv6_cidr_blocks": [],
                "prefix_list_ids": [],
                "protocol": "tcp",
                "security_groups": [],
                "self": false,
                "to_port": 80
              },
              {
                "cidr_blocks": [
                  "0.0.0.0/0"
                ],
                "description": "HTTPS from anywhere",
                "from_port": 443,
                "ipv6_cidr_blocks": [],
                "prefix_list_ids": [],
                "protocol": "tcp",
                "security_groups": [],
                "self": false,
                "to_port": 443
              }
            ],
            "name": "flask-crud-r0984339-alb-sg",
            "name_prefix": "",
            "owner_id": "125755581655",
            "revoke_rules_on_delete": false,
            "tags": {
              "Name": "flask-crud-r0984339-alb-sg",
              "Terraform": "true",
              "Tier": "frontend",
              "project": "flask-crud-r0984339"
            },
            "tags_all": {
              "Name": "flask-crud-r0984339-alb-sg",
              "Terraform": "true",
              "Tier": "frontend",
              "project": "flask-crud-r0984339"
            },
            "timeouts": null,
            "vpc_id": "vpc-0dd7312392382b22b"
          },
          "sensitive_attributes": [],
          "identity_schema_version": 0,
          "private": "eyJlMmJmYjczMC1lY2FhLTExZTYtOGY4OC0zNDM2M2JjN2M0YzAiOnsiY3JlYXRlIjo2MDAwMDAwMDAwMDAsImRlbGV0ZSI6OTAwMDAwMDAwMDAwfSwic2NoZW1hX3ZlcnNpb24iOiIxIn0=",
          "dependencies": [
            "aws_vpc.main"
          ]
        }
      ]
    },
    {
      "mode": "managed",
      "type": "aws_security_group",
      "name": "db_aurora",
      "provider": "provider[\"registry.terraform.io/hashicorp/aws\"]",
      "instances": [
        {
          "schema_version": 1,
          "attributes": {
            "arn": "arn:aws:ec2:us-east-1:125755581655:security-group/sg-05d41c8b040323c67",
            "description": "Allow PostgreSQL traffic from ECS Service",
            "egress": [],
            "id": "sg-05d41c8b040323c67",
            "ingress": [
              {
                "cidr_blocks": [],
                "description": "Allow ECS tasks to access DB",
                "from_port": 5432,
                "ipv6_cidr_blocks": [],
                "prefix_list_ids": [],
                "protocol": "tcp",
                "security_groups": [
                  "sg-042f82b5f9aa762e7"
                ],
                "self": false,
                "to_port": 5432
              }
            ],
            "name": "flask-crud-r0984339-db-aurora-sg",
            "name_prefix": "",
            "owner_id": "125755581655",
            "revoke_rules_on_delete": false,
            "tags": {
              "Name": "flask-crud-r0984339-db-sg",
              "Terraform": "true",
              "Tier": "database",
              "project": "flask-crud-r0984339"
            },
            "tags_all": {
              "Name": "flask-crud-r0984339-db-sg",
              "Terraform": "true",
              "Tier": "database",
              "project": "flask-crud-r0984339"
            },
            "timeouts": null,
            "vpc_id": "vpc-0dd7312392382b22b"
          },
          "sensitive_attributes": [],
          "identity_schema_version": 0,
          "private": "eyJlMmJmYjczMC1lY2FhLTExZTYtOGY4OC0zNDM2M2JjN2M0YzAiOnsiY3JlYXRlIjo2MDAwMDAwMDAwMDAsImRlbGV0ZSI6OTAwMDAwMDAwMDAwfSwic2NoZW1hX3ZlcnNpb24iOiIxIn0=",
          "dependencies": [
            "aws_vpc.main"
          ]
        }
      ]
    },
    {
      "mode": "managed",
      "type": "aws_security_group",
      "name": "ecs_service",
      "provider": "provider[\"registry.terraform.io/hashicorp/aws\"]",
      "instances": [
        {
          "schema_version": 1,
          "attributes": {
            "arn": "arn:aws:ec2:us-east-1:125755581655:security-group/sg-042f82b5f9aa762e7",
            "description": "Allow traffic from ALB to ECS tasks and allow outbound to DB and Internet (via NAT)",
            "egress": [
              {
                "cidr_blocks": [
                  "0.0.0.0/0"
                ],
                "description": "Allow all outbound traffic from ECS tasks",
                "from_port": 0,
                "ipv6_cidr_blocks": [],
                "prefix_list_ids": [],
                "protocol": "-1",
                "security_groups": [],
                "self": false,
                "to_port": 0
              }
            ],
            "id": "sg-042f82b5f9aa762e7",
            "ingress": [
              {
                "cidr_blocks": [],
                "description": "Allow ALB to ECS Service",
                "from_port": 5000,
                "ipv6_cidr_blocks": [],
                "prefix_list_ids": [],
                "protocol": "tcp",
                "security_groups": [
                  "sg-01f315bca122cc0ae"
                ],
                "self": false,
                "to_port": 5000
              }
            ],
            "name": "flask-crud-r0984339-ecs-service-sg",
            "name_prefix": "",
            "owner_id": "125755581655",
            "revoke_rules_on_delete": false,
            "tags": {
              "Name": "flask-crud-r0984339-ecs-sg",
              "Terraform": "true",
              "Tier": "application",
              "project": "flask-crud-r0984339"
            },
            "tags_all": {
              "Name": "flask-crud-r0984339-ecs-sg",
              "Terraform": "true",
              "Tier": "application",
              "project": "flask-crud-r0984339"
            },
            "timeouts": null,
            "vpc_id": "vpc-0dd7312392382b22b"
          },
          "sensitive_attributes": [],
          "identity_schema_version": 0,
          "private": "eyJlMmJmYjczMC1lY2FhLTExZTYtOGY4OC0zNDM2M2JjN2M0YzAiOnsiY3JlYXRlIjo2MDAwMDAwMDAwMDAsImRlbGV0ZSI6OTAwMDAwMDAwMDAwfSwic2NoZW1hX3ZlcnNpb24iOiIxIn0=",
          "dependencies": [
            "aws_vpc.main"
          ]
        }
      ]
    },
    {
      "mode": "managed",
      "type": "aws_security_group_rule",
      "name": "allow_alb_to_ecs",
      "provider": "provider[\"registry.terraform.io/hashicorp/aws\"]",
      "instances": [
        {
          "schema_version": 2,
          "attributes": {
            "cidr_blocks": null,
            "description": "Allow ALB to ECS Service",
            "from_port": 5000,
            "id": "sgrule-2988273364",
            "ipv6_cidr_blocks": null,
            "prefix_list_ids": null,
            "protocol": "tcp",
            "security_group_id": "sg-042f82b5f9aa762e7",
            "security_group_rule_id": "sgr-0dc8af1f6a58e2f68",
            "self": false,
            "source_security_group_id": "sg-01f315bca122cc0ae",
            "timeouts": null,
            "to_port": 5000,
            "type": "ingress"
          },
          "sensitive_attributes": [],
          "identity_schema_version": 0,
          "private": "eyJlMmJmYjczMC1lY2FhLTExZTYtOGY4OC0zNDM2M2JjN2M0YzAiOnsiY3JlYXRlIjozMDAwMDAwMDAwMDB9LCJzY2hlbWFfdmVyc2lvbiI6IjIifQ==",
          "dependencies": [
            "aws_security_group.alb",
            "aws_security_group.ecs_service",
            "aws_vpc.main"
          ]
        }
      ]
    },
    {
      "mode": "managed",
      "type": "aws_security_group_rule",
      "name": "allow_ecs_to_db",
      "provider": "provider[\"registry.terraform.io/hashicorp/aws\"]",
      "instances": [
        {
          "schema_version": 2,
          "attributes": {
            "cidr_blocks": null,
            "description": "Allow ECS tasks to access DB",
            "from_port": 5432,
            "id": "sgrule-3202721819",
            "ipv6_cidr_blocks": null,
            "prefix_list_ids": null,
            "protocol": "tcp",
            "security_group_id": "sg-05d41c8b040323c67",
            "security_group_rule_id": "sgr-051820dc988655838",
            "self": false,
            "source_security_group_id": "sg-042f82b5f9aa762e7",
            "timeouts": null,
            "to_port": 5432,
            "type": "ingress"
          },
          "sensitive_attributes": [],
          "identity_schema_version": 0,
          "private": "eyJlMmJmYjczMC1lY2FhLTExZTYtOGY4OC0zNDM2M2JjN2M0YzAiOnsiY3JlYXRlIjozMDAwMDAwMDAwMDB9LCJzY2hlbWFfdmVyc2lvbiI6IjIifQ==",
          "dependencies": [
            "aws_security_group.db_aurora",
            "aws_security_group.ecs_service",
            "aws_vpc.main"
          ]
        }
      ]
    },
    {
      "mode": "managed",
      "type": "aws_security_group_rule",
      "name": "allow_outbound",
      "provider": "provider[\"registry.terraform.io/hashicorp/aws\"]",
      "instances": [
        {
          "schema_version": 2,
          "attributes": {
            "cidr_blocks": [
              "0.0.0.0/0"
            ],
            "description": "Allow all outbound traffic from ECS tasks",
            "from_port": 0,
            "id": "sgrule-986817752",
            "ipv6_cidr_blocks": null,
            "prefix_list_ids": null,
            "protocol": "-1",
            "security_group_id": "sg-042f82b5f9aa762e7",
            "security_group_rule_id": "sgr-04e1e534835cc1a7a",
            "self": false,
            "source_security_group_id": null,
            "timeouts": null,
            "to_port": 0,
            "type": "egress"
          },
          "sensitive_attributes": [],
          "identity_schema_version": 0,
          "private": "eyJlMmJmYjczMC1lY2FhLTExZTYtOGY4OC0zNDM2M2JjN2M0YzAiOnsiY3JlYXRlIjozMDAwMDAwMDAwMDB9LCJzY2hlbWFfdmVyc2lvbiI6IjIifQ==",
          "dependencies": [
            "aws_security_group.ecs_service",
            "aws_vpc.main"
          ]
        }
      ]
    },
    {
      "mode": "managed",
      "type": "aws_ssm_parameter",
      "name": "db_url_ssm",
      "provider": "provider[\"registry.terraform.io/hashicorp/aws\"]",
      "instances": [
        {
          "schema_version": 0,
          "attributes": {
            "allowed_pattern": "",
            "arn": "arn:aws:ssm:us-east-1:125755581655:parameter/flask-crud-r0984339/DATABASE_URL",
            "data_type": "text",
            "description": "",
            "has_value_wo": null,
            "id": "/flask-crud-r0984339/DATABASE_URL",
            "insecure_value": null,
            "key_id": "alias/aws/ssm",
            "name": "/flask-crud-r0984339/DATABASE_URL",
            "overwrite": null,
            "tags": {
              "Terraform": "true",
              "project": "flask-crud-r0984339"
            },
            "tags_all": {
              "Terraform": "true",
              "project": "flask-crud-r0984339"
            },
            "tier": "Standard",
            "type": "SecureString",
            "value": "postgresql://dbAdmin:huiQVxF0N11FjM_v@flask-crud-r0984339-aurora-cluster.cluster-cbbno3giddoa.us-east-1.rds.amazonaws.com:5432/flaskCrudAppDb",
            "value_wo": null,
            "value_wo_version": null,
            "version": 1
          },
          "sensitive_attributes": [
            [
              {
                "type": "get_attr",
                "value": "value"
              }
            ],
            [
              {
                "type": "get_attr",
                "value": "value_wo"
              }
            ]
          ],
          "identity_schema_version": 0,
          "private": "bnVsbA==",
          "dependencies": [
            "aws_db_subnet_group.aurora",
            "aws_rds_cluster.main",
            "aws_security_group.db_aurora",
            "aws_subnet.private",
            "aws_vpc.main",
            "data.aws_availability_zones.available",
            "random_password.db_password"
          ]
        }
      ]
    },
    {
      "mode": "managed",
      "type": "aws_subnet",
      "name": "private",
      "provider": "provider[\"registry.terraform.io/hashicorp/aws\"]",
      "instances": [
        {
          "index_key": 0,
          "schema_version": 1,
          "attributes": {
            "arn": "arn:aws:ec2:us-east-1:125755581655:subnet/subnet-061924af425a3e80d",
            "assign_ipv6_address_on_creation": false,
            "availability_zone": "us-east-1a",
            "availability_zone_id": "use1-az2",
            "cidr_block": "10.0.100.0/24",
            "customer_owned_ipv4_pool": "",
            "enable_dns64": false,
            "enable_lni_at_device_index": 0,
            "enable_resource_name_dns_a_record_on_launch": false,
            "enable_resource_name_dns_aaaa_record_on_launch": false,
            "id": "subnet-061924af425a3e80d",
            "ipv6_cidr_block": "",
            "ipv6_cidr_block_association_id": "",
            "ipv6_native": false,
            "map_customer_owned_ip_on_launch": false,
            "map_public_ip_on_launch": false,
            "outpost_arn": "",
            "owner_id": "125755581655",
            "private_dns_hostname_type_on_launch": "ip-name",
            "tags": {
              "Name": "flask-crud-r0984339-private-subnet-us-east-1a",
              "Terraform": "true",
              "Tier": "application-database",
              "project": "flask-crud-r0984339"
            },
            "tags_all": {
              "Name": "flask-crud-r0984339-private-subnet-us-east-1a",
              "Terraform": "true",
              "Tier": "application-database",
              "project": "flask-crud-r0984339"
            },
            "timeouts": null,
            "vpc_id": "vpc-0dd7312392382b22b"
          },
          "sensitive_attributes": [],
          "identity_schema_version": 0,
          "private": "eyJlMmJmYjczMC1lY2FhLTExZTYtOGY4OC0zNDM2M2JjN2M0YzAiOnsiY3JlYXRlIjo2MDAwMDAwMDAwMDAsImRlbGV0ZSI6MTIwMDAwMDAwMDAwMH0sInNjaGVtYV92ZXJzaW9uIjoiMSJ9",
          "dependencies": [
            "aws_vpc.main",
            "data.aws_availability_zones.available"
          ]
        },
        {
          "index_key": 1,
          "schema_version": 1,
          "attributes": {
            "arn": "arn:aws:ec2:us-east-1:125755581655:subnet/subnet-0f6f23f87b0abb05e",
            "assign_ipv6_address_on_creation": false,
            "availability_zone": "us-east-1b",
            "availability_zone_id": "use1-az4",
            "cidr_block": "10.0.101.0/24",
            "customer_owned_ipv4_pool": "",
            "enable_dns64": false,
            "enable_lni_at_device_index": 0,
            "enable_resource_name_dns_a_record_on_launch": false,
            "enable_resource_name_dns_aaaa_record_on_launch": false,
            "id": "subnet-0f6f23f87b0abb05e",
            "ipv6_cidr_block": "",
            "ipv6_cidr_block_association_id": "",
            "ipv6_native": false,
            "map_customer_owned_ip_on_launch": false,
            "map_public_ip_on_launch": false,
            "outpost_arn": "",
            "owner_id": "125755581655",
            "private_dns_hostname_type_on_launch": "ip-name",
            "tags": {
              "Name": "flask-crud-r0984339-private-subnet-us-east-1b",
              "Terraform": "true",
              "Tier": "application-database",
              "project": "flask-crud-r0984339"
            },
            "tags_all": {
              "Name": "flask-crud-r0984339-private-subnet-us-east-1b",
              "Terraform": "true",
              "Tier": "application-database",
              "project": "flask-crud-r0984339"
            },
            "timeouts": null,
            "vpc_id": "vpc-0dd7312392382b22b"
          },
          "sensitive_attributes": [],
          "identity_schema_version": 0,
          "private": "eyJlMmJmYjczMC1lY2FhLTExZTYtOGY4OC0zNDM2M2JjN2M0YzAiOnsiY3JlYXRlIjo2MDAwMDAwMDAwMDAsImRlbGV0ZSI6MTIwMDAwMDAwMDAwMH0sInNjaGVtYV92ZXJzaW9uIjoiMSJ9",
          "dependencies": [
            "aws_vpc.main",
            "data.aws_availability_zones.available"
          ]
        }
      ]
    },
    {
      "mode": "managed",
      "type": "aws_subnet",
      "name": "public",
      "provider": "provider[\"registry.terraform.io/hashicorp/aws\"]",
      "instances": [
        {
          "index_key": 0,
          "schema_version": 1,
          "attributes": {
            "arn": "arn:aws:ec2:us-east-1:125755581655:subnet/subnet-057f4fea5d57c74e3",
            "assign_ipv6_address_on_creation": false,
            "availability_zone": "us-east-1a",
            "availability_zone_id": "use1-az2",
            "cidr_block": "10.0.0.0/24",
            "customer_owned_ipv4_pool": "",
            "enable_dns64": false,
            "enable_lni_at_device_index": 0,
            "enable_resource_name_dns_a_record_on_launch": false,
            "enable_resource_name_dns_aaaa_record_on_launch": false,
            "id": "subnet-057f4fea5d57c74e3",
            "ipv6_cidr_block": "",
            "ipv6_cidr_block_association_id": "",
            "ipv6_native": false,
            "map_customer_owned_ip_on_launch": false,
            "map_public_ip_on_launch": true,
            "outpost_arn": "",
            "owner_id": "125755581655",
            "private_dns_hostname_type_on_launch": "ip-name",
            "tags": {
              "Name": "flask-crud-r0984339-public-subnet-us-east-1a",
              "Terraform": "true",
              "Tier": "frontend",
              "project": "flask-crud-r0984339"
            },
            "tags_all": {
              "Name": "flask-crud-r0984339-public-subnet-us-east-1a",
              "Terraform": "true",
              "Tier": "frontend",
              "project": "flask-crud-r0984339"
            },
            "timeouts": null,
            "vpc_id": "vpc-0dd7312392382b22b"
          },
          "sensitive_attributes": [],
          "identity_schema_version": 0,
          "private": "eyJlMmJmYjczMC1lY2FhLTExZTYtOGY4OC0zNDM2M2JjN2M0YzAiOnsiY3JlYXRlIjo2MDAwMDAwMDAwMDAsImRlbGV0ZSI6MTIwMDAwMDAwMDAwMH0sInNjaGVtYV92ZXJzaW9uIjoiMSJ9",
          "dependencies": [
            "aws_vpc.main",
            "data.aws_availability_zones.available"
          ]
        },
        {
          "index_key": 1,
          "schema_version": 1,
          "attributes": {
            "arn": "arn:aws:ec2:us-east-1:125755581655:subnet/subnet-01f31712742b6af14",
            "assign_ipv6_address_on_creation": false,
            "availability_zone": "us-east-1b",
            "availability_zone_id": "use1-az4",
            "cidr_block": "10.0.1.0/24",
            "customer_owned_ipv4_pool": "",
            "enable_dns64": false,
            "enable_lni_at_device_index": 0,
            "enable_resource_name_dns_a_record_on_launch": false,
            "enable_resource_name_dns_aaaa_record_on_launch": false,
            "id": "subnet-01f31712742b6af14",
            "ipv6_cidr_block": "",
            "ipv6_cidr_block_association_id": "",
            "ipv6_native": false,
            "map_customer_owned_ip_on_launch": false,
            "map_public_ip_on_launch": true,
            "outpost_arn": "",
            "owner_id": "125755581655",
            "private_dns_hostname_type_on_launch": "ip-name",
            "tags": {
              "Name": "flask-crud-r0984339-public-subnet-us-east-1b",
              "Terraform": "true",
              "Tier": "frontend",
              "project": "flask-crud-r0984339"
            },
            "tags_all": {
              "Name": "flask-crud-r0984339-public-subnet-us-east-1b",
              "Terraform": "true",
              "Tier": "frontend",
              "project": "flask-crud-r0984339"
            },
            "timeouts": null,
            "vpc_id": "vpc-0dd7312392382b22b"
          },
          "sensitive_attributes": [],
          "identity_schema_version": 0,
          "private": "eyJlMmJmYjczMC1lY2FhLTExZTYtOGY4OC0zNDM2M2JjN2M0YzAiOnsiY3JlYXRlIjo2MDAwMDAwMDAwMDAsImRlbGV0ZSI6MTIwMDAwMDAwMDAwMH0sInNjaGVtYV92ZXJzaW9uIjoiMSJ9",
          "dependencies": [
            "aws_vpc.main",
            "data.aws_availability_zones.available"
          ]
        }
      ]
    },
    {
      "mode": "managed",
      "type": "aws_vpc",
      "name": "main",
      "provider": "provider[\"registry.terraform.io/hashicorp/aws\"]",
      "instances": [
        {
          "schema_version": 1,
          "attributes": {
            "arn": "arn:aws:ec2:us-east-1:125755581655:vpc/vpc-0dd7312392382b22b",
            "assign_generated_ipv6_cidr_block": false,
            "cidr_block": "10.0.0.0/16",
            "default_network_acl_id": "acl-039569f5867779c64",
            "default_route_table_id": "rtb-015646d854d87a546",
            "default_security_group_id": "sg-0fc11d21fc065399d",
            "dhcp_options_id": "dopt-08ac07f6e82364735",
            "enable_dns_hostnames": true,
            "enable_dns_support": true,
            "enable_network_address_usage_metrics": false,
            "id": "vpc-0dd7312392382b22b",
            "instance_tenancy": "default",
            "ipv4_ipam_pool_id": null,
            "ipv4_netmask_length": null,
            "ipv6_association_id": "",
            "ipv6_cidr_block": "",
            "ipv6_cidr_block_network_border_group": "",
            "ipv6_ipam_pool_id": "",
            "ipv6_netmask_length": 0,
            "main_route_table_id": "rtb-015646d854d87a546",
            "owner_id": "125755581655",
            "tags": {
              "Name": "flask-crud-r0984339-vpc",
              "Terraform": "true",
              "project": "flask-crud-r0984339"
            },
            "tags_all": {
              "Name": "flask-crud-r0984339-vpc",
              "Terraform": "true",
              "project": "flask-crud-r0984339"
            }
          },
          "sensitive_attributes": [],
          "identity_schema_version": 0,
          "private": "eyJzY2hlbWFfdmVyc2lvbiI6IjEifQ==",
          "create_before_destroy": true
        }
      ]
    },
    {
      "mode": "managed",
      "type": "random_password",
      "name": "db_password",
      "provider": "provider[\"registry.terraform.io/hashicorp/random\"]",
      "instances": [
        {
          "schema_version": 3,
          "attributes": {
            "bcrypt_hash": "$2a$10$iTqCueEV9tXZ437CGWlbE.KZeP38lqxJG/yYm9yZn3LDaPPnn6aKa",
            "id": "none",
            "keepers": null,
            "length": 16,
            "lower": true,
            "min_lower": 0,
            "min_numeric": 0,
            "min_special": 0,
            "min_upper": 0,
            "number": true,
            "numeric": true,
            "override_special": "_-",
            "result": "huiQVxF0N11FjM_v",
            "special": true,
            "upper": true
          },
          "sensitive_attributes": [
            [
              {
                "type": "get_attr",
                "value": "bcrypt_hash"
              }
            ],
            [
              {
                "type": "get_attr",
                "value": "result"
              }
            ]
          ],
          "identity_schema_version": 0
        }
      ]
    },
    {
      "mode": "managed",
      "type": "random_password",
      "name": "flask_secret_key_gen",
      "provider": "provider[\"registry.terraform.io/hashicorp/random\"]",
      "instances": [
        {
          "schema_version": 3,
          "attributes": {
            "bcrypt_hash": "$2a$10$76Yumm00seDbt17Gw63jkuR/pYGm2EIOcezyFo0AFmLZQjCoBrDyO",
            "id": "none",
            "keepers": null,
            "length": 32,
            "lower": true,
            "min_lower": 0,
            "min_numeric": 0,
            "min_special": 0,
            "min_upper": 0,
            "number": true,
            "numeric": true,
            "override_special": null,
            "result": "jlQsnXLGfkawogvD7xlXVt9ujhbrCvpg",
            "special": false,
            "upper": true
          },
          "sensitive_attributes": [
            [
              {
                "type": "get_attr",
                "value": "bcrypt_hash"
              }
            ],
            [
              {
                "type": "get_attr",
                "value": "result"
              }
            ]
          ],
          "identity_schema_version": 0
        }
      ]
    }
  ],
  "check_results": null
}
